
Microsoft Visual Studio Solution File, Format Version 12.00
# Visual Studio Version 16
VisualStudioVersion = 16.0.32106.194
MinimumVisualStudioVersion = 10.0.40219.1
Project("{FAE04EC0-301F-11D3-BF4B-00C04F79EFBC}") = "FolderSize", "FolderSize\FolderSize.csproj", "{C840D87F-FC07-4E40-BC20-71135BB2459A}"
EndProject
Global
	GlobalSection(SolutionConfigurationPlatforms) = preSolution
		Debug|Any CPU = Debug|Any CPU
		Release|Any CPU = Release|Any CPU
	EndGlobalSection
	GlobalSection(ProjectConfigurationPlatforms) = postSolution
		{C840D87F-FC07-4E40-BC20-71135BB2459A}.Debug|Any CPU.ActiveCfg = Debug|Any CPU
		{C840D87F-FC07-4E40-BC20-71135BB2459A}.Debug|Any CPU.Build.0 = Debug|Any CPU
		{C840D87F-FC07-4E40-BC20-71135BB2459A}.Release|Any CPU.ActiveCfg = Release|Any CPU
		{C840D87F-FC07-4E40-BC20-71135BB2459A}.Release|Any CPU.Build.0 = Release|Any CPU
	EndGlobalSection
	GlobalSection(SolutionProperties) = preSolution
		HideSolutionNode = FALSE
	EndGlobalSection
	GlobalSection(ExtensibilityGlobals) = postSolution
		SolutionGuid = {7FA20340-C20E-4575-8E3C-091A8E67B3C6}
	EndGlobalSection
EndGlobal
